github.com/eclipse/paho.mqtt.golang v1.2.1-0.20200121105743-0d940dd29fd2 h1:DW6WrARxK5J+o8uAKCiACi5wy9EK1UzrsCpGBPsKHAA=
github.com/eclipse/paho.mqtt.golang v1.2.1-0.20200121105743-0d940dd29fd2/go.mod h1:H9keYFcgq3Qr5OUJm/JZI/i6U7joQ8SYLhZwfeOo6Ts=
github.com/gorilla/websocket v1.4.1 h1:q7AeDBpnBk8AogcD4DSag/Ukw/KV+YhzLj2bP5HvKCM=
github.com/gorilla/websocket v1.4.1/go.mod h1:YR8l580nyteQvAITg2hZ9XVh4b55+EU/adAjf1fMHhE=
github.com/uhppoted/uhppote-cli v0.0.0-20200228202133-c3f7228e2f9e h1:XrTWTLKrdpEEW/Mnhvk+X5oH4axhh++Zup4ifnMtIOo=
github.com/uhppoted/uhppote-cli v0.0.0-20200228202133-c3f7228e2f9e/go.mod h1:ZQ/pPoOcyVC4PxrGkd8vVp9FbUuhhCR1jj2s5ZB2xV0=
github.com/uhppoted/uhppote-core v0.0.0-20200228192138-00c62a4d6ea3 h1:S4AJq8DbPsfLF9WjRUOhsTlBl4x0rYO2FqPi6vRTAak=
github.com/uhppoted/uhppote-core v0.0.0-20200228192138-00c62a4d6ea3/go.mod h1:vNtTfp28e+/hhDtHXdlCEhdqt8063rlnA06wbzWSuz0=
github.com/uhppoted/uhppote-simulator v0.0.0-20200228200141-9dc275f56ffd h1:XtE52sfMU9p/uSTkNNy/OIkXSgru2jSad+pe4tTyKqw=
github.com/uhppoted/uhppote-simulator v0.0.0-20200228200141-9dc275f56ffd/go.mod h1:z003qnER8tJpS9MfW4c/MVd5XB3OjHryfgq6jAK5Bfg=
github.com/uhppoted/uhppoted-api v0.0.0-20200228193801-50772c63f263 h1:ZW08lSdu/iVLqlL3Qs9QCYCwha7ijKx5z+RlTEe12CM=
github.com/uhppoted/uhppoted-api v0.0.0-20200228193801-50772c63f263/go.mod h1:yEzk/seFbjOEg7b2HSt4cqfwRM3vbm9tYxLZe+1aNyk=
golang.org/x/crypto v0.0.0-20190308221718-c2843e01d9a2/go.mod h1:djNgcEr1/C05ACkg1iLfiJU5Ep61QUkGW8qpdssI0+w=
golang.org/x/net v0.0.0-20200226121028-0de0cce0169b h1:0mm1VjtFUOIlE1SbDlwjYaDxZVDP2S5ou6y0gSgXHu8=
golang.org/x/net v0.0.0-20200226121028-0de0cce0169b/go.mod h1:z5CRVTTTmAJ677TzLLGU+0bjPO0LkuOLi4/5GtJWs/s=
golang.org/x/sys v0.0.0-20190215142949-d0b11bdaac8a/go.mod h1:STP8DvDyc/dI5b8T5hshtkjS+E42TnysNCUPdjciGhY=
golang.org/x/sys v0.0.0-20200223170610-d5e6a3e2c0ae h1:/WDfKMnPU+m5M4xB+6x4kaepxRw6jWvR5iDRdvjHgy8=
golang.org/x/sys v0.0.0-20200223170610-d5e6a3e2c0ae/go.mod h1:h1NjWce9XRLGQEsW7wpKNCjG9DtNlClVuFLEZdDNbEs=
golang.org/x/text v0.3.0/go.mod h1:NqM8EUOU14njkJ3fqMW+pc6Ldnwhi/IjpwHt7yyuwOQ=
